github.com/coreos/go-systemd v0.0.0-20190321100706-95778dfbb74e/go.mod h1:F5haX7vjVVG0kc13fIWeqUViNPyEJxv/OmvnBo0Yme4=
github.com/json-iterator/go v1.1.6/go.mod h1:+SdeFBvtyEkXs7REEP0seUULqWtbJapLOCVDaaPEHmU=
github.com/modern-go/concurrent v0.0.0-20180306012644-bacd9c7ef1dd/go.mod h1:6dJC0mAP4ikYIbvyc7fijjWJddQyLn8Ig3JB5CqoB9Q=
github.com/modern-go/reflect2 v1.0.1/go.mod h1:bx2lNnkwVCuqBIxFjflWJWanXIb3RllmbCylyMrvgv0=
github.com/pkg/errors v0.8.1/go.mod h1:bwawxfHBFNV+L2hUp1rHADufV3IMtnDRdf1r5NINEl0=
github.com/pubgo/errors v0.1.8 h1:kMPv8ATSYDSKzMYWKS+5QCNAuWzFK0gHXWHh4DhcQ6Y=
github.com/pubgo/errors v0.1.8/go.mod h1:mHAOlT9CwhqKcVSxvLQ/EhjFPDh9RKqGdGXrE+e7BLM=
github.com/pubgo/errors v0.1.10 h1:ihCsBE4GuGf6DD+Uhquo6h8RzEIAbIiJwRoyfHxzDB0=
github.com/pubgo/errors v0.1.10/go.mod h1:ndINQoGJ6/FZZqIE7PaBaCnFQHcTPe+2JDQaGc4e6Lk=
github.com/pubgo/errors v0.2.0 h1:hwV2XCUm+kA+0WTdVImGLhYAG5tL00ov3OFgNHAXSdw=
github.com/pubgo/errors v0.2.0/go.mod h1:ndINQoGJ6/FZZqIE7PaBaCnFQHcTPe+2JDQaGc4e6Lk=
github.com/pubgo/errors v0.2.1 h1:dfbAyUxeY8iCCGf9jXZxBq1v53vR/CP+Z2U9qefJSxk=
github.com/pubgo/errors v0.2.1/go.mod h1:ndINQoGJ6/FZZqIE7PaBaCnFQHcTPe+2JDQaGc4e6Lk=
github.com/pubgo/errors v0.2.2 h1:3bAXMXqM0eC7rUUGjHPhX+nuUDVoP+uXbFc4+0kYpmw=
github.com/pubgo/errors v0.2.2/go.mod h1:ndINQoGJ6/FZZqIE7PaBaCnFQHcTPe+2JDQaGc4e6Lk=
github.com/pubgo/errors v0.2.3 h1:hi6Laka56bmYZWy7To/yUG0CoalbGZ31vxGqOKTqJpg=
github.com/pubgo/errors v0.2.3/go.mod h1:ndINQoGJ6/FZZqIE7PaBaCnFQHcTPe+2JDQaGc4e6Lk=
github.com/pubgo/errors v0.2.4 h1:td946CxV3uNYycGJZp76yAwpOpuiCbnfqj8ibQAklME=
github.com/pubgo/errors v0.2.4/go.mod h1:ndINQoGJ6/FZZqIE7PaBaCnFQHcTPe+2JDQaGc4e6Lk=
github.com/pubgo/errors v0.2.5 h1:2dZRx7C737lNN5SmFLc68OZLRSSz3Kylbm+iWlZKvfc=
github.com/pubgo/errors v0.2.5/go.mod h1:ndINQoGJ6/FZZqIE7PaBaCnFQHcTPe+2JDQaGc4e6Lk=
github.com/pubgo/errors v0.2.6 h1:EgRtE91gRrKhEfjMbJt2uZesc3hXtw7qGyQN7aT3JkI=
github.com/pubgo/errors v0.2.6/go.mod h1:ndINQoGJ6/FZZqIE7PaBaCnFQHcTPe+2JDQaGc4e6Lk=
github.com/pubgo/errors v0.2.13 h1:ZsjcEIpUK7Jl+L+OEY7pZtIxCiEzzxFMBns1OdM6eDY=
github.com/pubgo/errors v0.2.13/go.mod h1:ndINQoGJ6/FZZqIE7PaBaCnFQHcTPe+2JDQaGc4e6Lk=
github.com/pubgo/errors v0.2.14 h1:A7hdHAkxTEuJoVdmUQcAZMJghxWjCUce+L1PNawrfAo=
github.com/pubgo/errors v0.2.14/go.mod h1:ndINQoGJ6/FZZqIE7PaBaCnFQHcTPe+2JDQaGc4e6Lk=
github.com/pubgo/errors v0.2.16 h1:B1PXYeDYi7yx8GDVQu2PY0n+m71uJosJaOZ2B1gPGgo=
github.com/pubgo/errors v0.2.16/go.mod h1:ndINQoGJ6/FZZqIE7PaBaCnFQHcTPe+2JDQaGc4e6Lk=
github.com/rs/xid v1.2.1/go.mod h1:+uKXf+4Djp6Md1KODXJxgGQPKngRmWyn10oCKFzNHOQ=
github.com/rs/zerolog v1.14.3 h1:4EGfSkR2hJDB0s3oFfrlPqjU1e4WLncergLil3nEKW0=
github.com/rs/zerolog v1.14.3/go.mod h1:3WXPzbXEEliJ+a6UFE4vhIxV8qR1EML6ngzP9ug4eYg=
github.com/zenazn/goji v0.9.0/go.mod h1:7S9M489iMyHBNxwZnk9/EHS098H4/F6TATF2mIxtB1Q=
golang.org/x/crypto v0.0.0-20190308221718-c2843e01d9a2/go.mod h1:djNgcEr1/C05ACkg1iLfiJU5Ep61QUkGW8qpdssI0+w=
golang.org/x/net v0.0.0-20190311183353-d8887717615a/go.mod h1:t9HGtf8HONx5eT2rtn7q6eTqICYqUVnKs3thJo3Qplg=
golang.org/x/sync v0.0.0-20190423024810-112230192c58/go.mod h1:RxMgew5VJxzue5/jJTE5uejpjVlOe/izrB70Jof72aM=
golang.org/x/sys v0.0.0-20190215142949-d0b11bdaac8a/go.mod h1:STP8DvDyc/dI5b8T5hshtkjS+E42TnysNCUPdjciGhY=
golang.org/x/text v0.3.0/go.mod h1:NqM8EUOU14njkJ3fqMW+pc6Ldnwhi/IjpwHt7yyuwOQ=
golang.org/x/tools v0.0.0-20190425163242-31fd60d6bfdc/go.mod h1:RgjU9mgBXZiqYHBnxXauZ1Gv1EHHAz9KjViQ78xBX0Q=
