github.com/json-iterator/go v1.1.5/go.mod h1:+SdeFBvtyEkXs7REEP0seUULqWtbJapLOCVDaaPEHmU=
github.com/json-iterator/go v1.1.6/go.mod h1:+SdeFBvtyEkXs7REEP0seUULqWtbJapLOCVDaaPEHmU=
github.com/pubgo/assert v0.1.26 h1:aiKfp9lzs8ztvswTAdFkC53QeAF5IOSedfT1utSSUhc=
github.com/pubgo/assert v0.1.26/go.mod h1:dfF8rocLW3zJn5lZhqUkRYUe/QyC4AnT/3ggrylAIHg=
github.com/pubgo/assert v0.1.27 h1:xu1CgOeGbBBGDwbi1JTjK52i7efOy17GP6AdHVgcohQ=
github.com/pubgo/assert v0.1.27/go.mod h1:64JRu47bgLPEHnIWKEMTPRs7bOVY6SUVCQO/LK1EqGE=
github.com/pubgo/assert v0.1.29 h1:ykoK59kEHWrfBzVoG+Ch5FWgG9YN8zHkzqr6FpGv2Ug=
github.com/pubgo/assert v0.1.29/go.mod h1:64JRu47bgLPEHnIWKEMTPRs7bOVY6SUVCQO/LK1EqGE=
github.com/pubgo/assert v0.2.0 h1:JK3Svl5U5gKpIqW5YSABPzCY7F7UW0QvrnbUu+YGTbk=
github.com/pubgo/assert v0.2.0/go.mod h1:64JRu47bgLPEHnIWKEMTPRs7bOVY6SUVCQO/LK1EqGE=
github.com/pubgo/assert v0.2.7 h1:Xy4pJqiqzaEtohx0c0Sun8L0lqnjvOniDmJOcdIhsOw=
github.com/pubgo/assert v0.2.7/go.mod h1:64JRu47bgLPEHnIWKEMTPRs7bOVY6SUVCQO/LK1EqGE=
github.com/pubgo/assert v0.2.8 h1:OT8nyz/XDBhnkFcF8huu+RWmqXji4s4+uyM5lSBXf5s=
github.com/pubgo/assert v0.2.8/go.mod h1:64JRu47bgLPEHnIWKEMTPRs7bOVY6SUVCQO/LK1EqGE=
github.com/pubgo/assert v0.2.9 h1:c7AF9D44rN/EUE+Rrt+PJLo19oFZcH3sbHyK0ySfxuA=
github.com/pubgo/assert v0.2.9/go.mod h1:64JRu47bgLPEHnIWKEMTPRs7bOVY6SUVCQO/LK1EqGE=
github.com/pubgo/assert v0.2.10 h1:h/mICK1zeIRbLHh/w4azdOIuMnoNRrFXo44DzcKViBo=
github.com/pubgo/assert v0.2.10/go.mod h1:64JRu47bgLPEHnIWKEMTPRs7bOVY6SUVCQO/LK1EqGE=
github.com/pubgo/assert v0.2.11 h1:MjTeD+r9R7zyDO9nJf0Eh83vXRgcDvcwr34Cr4d3V6E=
github.com/pubgo/assert v0.2.11/go.mod h1:64JRu47bgLPEHnIWKEMTPRs7bOVY6SUVCQO/LK1EqGE=
github.com/pubgo/assert v0.2.13 h1:H8Lf9/yyQhDLt9EYEIpJfDAPffDBZVNH6l5MM/YVpes=
github.com/pubgo/assert v0.2.13/go.mod h1:64JRu47bgLPEHnIWKEMTPRs7bOVY6SUVCQO/LK1EqGE=
github.com/pubgo/assert v0.2.14 h1:OIVkelX7QvzyaXNUnLMXN0VKJxDiCBXFreFpd4AlU/Q=
github.com/pubgo/assert v0.2.14/go.mod h1:64JRu47bgLPEHnIWKEMTPRs7bOVY6SUVCQO/LK1EqGE=
